
Microsoft Visual Studio Solution File, Format Version 12.00
# Visual Studio Version 17
VisualStudioVersion = 17.14.36429.23
MinimumVisualStudioVersion = 10.0.40219.1
Project("{FAE04EC0-301F-11D3-BF4B-00C04F79EFBC}") = "ExempleDemo", "ExempleDemo\ExempleDemo.csproj", "{3459BD69-A532-433F-A96B-B4ADFCCD9223}"
EndProject
Project("{2150E333-8FDC-42A3-9474-1A3956D46DE8}") = "exercices", "exercices", "{02EA681E-C7D8-13C7-8484-4AC65E1B71E8}"
EndProject
Project("{2150E333-8FDC-42A3-9474-1A3956D46DE8}") = "DemoLesBases", "DemoLesBases", "{6F1AD01A-1109-453E-B4E2-7A7CC484F03B}"
EndProject
Project("{FAE04EC0-301F-11D3-BF4B-00C04F79EFBC}") = "Exercices1-Console-Write-Read", "Exercices1-Console-Write-Read\Exercices1-Console-Write-Read.csproj", "{FF69AFC5-0AFA-4CEA-8905-BC5BA39E5494}"
EndProject
Project("{FAE04EC0-301F-11D3-BF4B-00C04F79EFBC}") = "Exercices2-Addition-Parse", "Exercices2-Addition-Parse\Exercices2-Addition-Parse.csproj", "{14114353-4050-4BD0-B42F-E2786065D3C2}"
EndProject
Project("{FAE04EC0-301F-11D3-BF4B-00C04F79EFBC}") = "Exercices3-Addition-TryParse", "Exercices3-Addition-TryParse\Exercices3-Addition-TryParse.csproj", "{CF5521B1-BE76-4827-9F9C-DE19DEF039B4}"
EndProject
Project("{FAE04EC0-301F-11D3-BF4B-00C04F79EFBC}") = "Exercices4-Mini-Calculatrice", "Exercices4-Mini-Calculatrice\Exercices4-Mini-Calculatrice.csproj", "{A6EAE5A1-3219-4270-BA84-1B8B03F824CB}"
EndProject
Project("{FAE04EC0-301F-11D3-BF4B-00C04F79EFBC}") = "Raccourci", "Raccourci\Raccourci.csproj", "{44C4D998-4728-4BA1-A94B-B503694FC9E5}"
EndProject
Project("{FAE04EC0-301F-11D3-BF4B-00C04F79EFBC}") = "Console-Lire-Ecrire-Concatenation", "Console-Lire-Ecrire-Concatenation\Console-Lire-Ecrire-Concatenation.csproj", "{63415B5D-E776-4BA8-9537-447A3330365F}"
EndProject
Project("{FAE04EC0-301F-11D3-BF4B-00C04F79EFBC}") = "LesTypesDeBases", "LesTypesDeBases\LesTypesDeBases.csproj", "{3E0AFBD4-DB86-4419-A569-BE9A23E316F1}"
EndProject
Project("{FAE04EC0-301F-11D3-BF4B-00C04F79EFBC}") = "Conversions", "Conversions\Conversions.csproj", "{9672D9F7-3DD9-4A73-9125-0BF520543541}"
EndProject
Project("{FAE04EC0-301F-11D3-BF4B-00C04F79EFBC}") = "Conditions", "Conditions\Conditions.csproj", "{5E078B94-51DE-4A87-9AD5-8F9298AD6166}"
EndProject
Project("{FAE04EC0-301F-11D3-BF4B-00C04F79EFBC}") = "LesBoucles", "LesBoucles\LesBoucles.csproj", "{964BF466-8C75-4481-A3C7-89331CA1FB29}"
EndProject
Project("{FAE04EC0-301F-11D3-BF4B-00C04F79EFBC}") = "LesOperateurs", "LesOperateurs\LesOperateurs.csproj", "{4B0AB232-7C48-4856-A1BF-7C127F769BE1}"
EndProject
Project("{FAE04EC0-301F-11D3-BF4B-00C04F79EFBC}") = "Exercices-TablesMultiplications-Fibonacci", "Exercices-TablesMultiplications-Fibonacci\Exercices-TablesMultiplications-Fibonacci.csproj", "{99E91D34-7D1B-4396-BBCA-C18DB531730C}"
EndProject
Project("{FAE04EC0-301F-11D3-BF4B-00C04F79EFBC}") = "Exercices6-Division-Iban", "Exercices6-Division-Iban\Exercices6-Division-Iban.csproj", "{C766ACE0-46FC-4028-B7FD-ABE02BA5E980}"
EndProject
Project("{FAE04EC0-301F-11D3-BF4B-00C04F79EFBC}") = "LesTableaux", "LesTableaux\LesTableaux.csproj", "{FBC35C76-437A-43FE-824E-8FD321A3BEB5}"
EndProject
Global
	GlobalSection(SolutionConfigurationPlatforms) = preSolution
		Debug|Any CPU = Debug|Any CPU
		Release|Any CPU = Release|Any CPU
	EndGlobalSection
	GlobalSection(ProjectConfigurationPlatforms) = postSolution
		{3459BD69-A532-433F-A96B-B4ADFCCD9223}.Debug|Any CPU.ActiveCfg = Debug|Any CPU
		{3459BD69-A532-433F-A96B-B4ADFCCD9223}.Debug|Any CPU.Build.0 = Debug|Any CPU
		{3459BD69-A532-433F-A96B-B4ADFCCD9223}.Release|Any CPU.ActiveCfg = Release|Any CPU
		{3459BD69-A532-433F-A96B-B4ADFCCD9223}.Release|Any CPU.Build.0 = Release|Any CPU
		{FF69AFC5-0AFA-4CEA-8905-BC5BA39E5494}.Debug|Any CPU.ActiveCfg = Debug|Any CPU
		{FF69AFC5-0AFA-4CEA-8905-BC5BA39E5494}.Debug|Any CPU.Build.0 = Debug|Any CPU
		{FF69AFC5-0AFA-4CEA-8905-BC5BA39E5494}.Release|Any CPU.ActiveCfg = Release|Any CPU
		{FF69AFC5-0AFA-4CEA-8905-BC5BA39E5494}.Release|Any CPU.Build.0 = Release|Any CPU
		{14114353-4050-4BD0-B42F-E2786065D3C2}.Debug|Any CPU.ActiveCfg = Debug|Any CPU
		{14114353-4050-4BD0-B42F-E2786065D3C2}.Debug|Any CPU.Build.0 = Debug|Any CPU
		{14114353-4050-4BD0-B42F-E2786065D3C2}.Release|Any CPU.ActiveCfg = Release|Any CPU
		{14114353-4050-4BD0-B42F-E2786065D3C2}.Release|Any CPU.Build.0 = Release|Any CPU
		{CF5521B1-BE76-4827-9F9C-DE19DEF039B4}.Debug|Any CPU.ActiveCfg = Debug|Any CPU
		{CF5521B1-BE76-4827-9F9C-DE19DEF039B4}.Debug|Any CPU.Build.0 = Debug|Any CPU
		{CF5521B1-BE76-4827-9F9C-DE19DEF039B4}.Release|Any CPU.ActiveCfg = Release|Any CPU
		{CF5521B1-BE76-4827-9F9C-DE19DEF039B4}.Release|Any CPU.Build.0 = Release|Any CPU
		{A6EAE5A1-3219-4270-BA84-1B8B03F824CB}.Debug|Any CPU.ActiveCfg = Debug|Any CPU
		{A6EAE5A1-3219-4270-BA84-1B8B03F824CB}.Debug|Any CPU.Build.0 = Debug|Any CPU
		{A6EAE5A1-3219-4270-BA84-1B8B03F824CB}.Release|Any CPU.ActiveCfg = Release|Any CPU
		{A6EAE5A1-3219-4270-BA84-1B8B03F824CB}.Release|Any CPU.Build.0 = Release|Any CPU
		{44C4D998-4728-4BA1-A94B-B503694FC9E5}.Debug|Any CPU.ActiveCfg = Debug|Any CPU
		{44C4D998-4728-4BA1-A94B-B503694FC9E5}.Debug|Any CPU.Build.0 = Debug|Any CPU
		{44C4D998-4728-4BA1-A94B-B503694FC9E5}.Release|Any CPU.ActiveCfg = Release|Any CPU
		{44C4D998-4728-4BA1-A94B-B503694FC9E5}.Release|Any CPU.Build.0 = Release|Any CPU
		{63415B5D-E776-4BA8-9537-447A3330365F}.Debug|Any CPU.ActiveCfg = Debug|Any CPU
		{63415B5D-E776-4BA8-9537-447A3330365F}.Debug|Any CPU.Build.0 = Debug|Any CPU
		{63415B5D-E776-4BA8-9537-447A3330365F}.Release|Any CPU.ActiveCfg = Release|Any CPU
		{63415B5D-E776-4BA8-9537-447A3330365F}.Release|Any CPU.Build.0 = Release|Any CPU
		{3E0AFBD4-DB86-4419-A569-BE9A23E316F1}.Debug|Any CPU.ActiveCfg = Debug|Any CPU
		{3E0AFBD4-DB86-4419-A569-BE9A23E316F1}.Debug|Any CPU.Build.0 = Debug|Any CPU
		{3E0AFBD4-DB86-4419-A569-BE9A23E316F1}.Release|Any CPU.ActiveCfg = Release|Any CPU
		{3E0AFBD4-DB86-4419-A569-BE9A23E316F1}.Release|Any CPU.Build.0 = Release|Any CPU
		{9672D9F7-3DD9-4A73-9125-0BF520543541}.Debug|Any CPU.ActiveCfg = Debug|Any CPU
		{9672D9F7-3DD9-4A73-9125-0BF520543541}.Debug|Any CPU.Build.0 = Debug|Any CPU
		{9672D9F7-3DD9-4A73-9125-0BF520543541}.Release|Any CPU.ActiveCfg = Release|Any CPU
		{9672D9F7-3DD9-4A73-9125-0BF520543541}.Release|Any CPU.Build.0 = Release|Any CPU
		{5E078B94-51DE-4A87-9AD5-8F9298AD6166}.Debug|Any CPU.ActiveCfg = Debug|Any CPU
		{5E078B94-51DE-4A87-9AD5-8F9298AD6166}.Debug|Any CPU.Build.0 = Debug|Any CPU
		{5E078B94-51DE-4A87-9AD5-8F9298AD6166}.Release|Any CPU.ActiveCfg = Release|Any CPU
		{5E078B94-51DE-4A87-9AD5-8F9298AD6166}.Release|Any CPU.Build.0 = Release|Any CPU
		{964BF466-8C75-4481-A3C7-89331CA1FB29}.Debug|Any CPU.ActiveCfg = Debug|Any CPU
		{964BF466-8C75-4481-A3C7-89331CA1FB29}.Debug|Any CPU.Build.0 = Debug|Any CPU
		{964BF466-8C75-4481-A3C7-89331CA1FB29}.Release|Any CPU.ActiveCfg = Release|Any CPU
		{964BF466-8C75-4481-A3C7-89331CA1FB29}.Release|Any CPU.Build.0 = Release|Any CPU
		{4B0AB232-7C48-4856-A1BF-7C127F769BE1}.Debug|Any CPU.ActiveCfg = Debug|Any CPU
		{4B0AB232-7C48-4856-A1BF-7C127F769BE1}.Debug|Any CPU.Build.0 = Debug|Any CPU
		{4B0AB232-7C48-4856-A1BF-7C127F769BE1}.Release|Any CPU.ActiveCfg = Release|Any CPU
		{4B0AB232-7C48-4856-A1BF-7C127F769BE1}.Release|Any CPU.Build.0 = Release|Any CPU
		{99E91D34-7D1B-4396-BBCA-C18DB531730C}.Debug|Any CPU.ActiveCfg = Debug|Any CPU
		{99E91D34-7D1B-4396-BBCA-C18DB531730C}.Debug|Any CPU.Build.0 = Debug|Any CPU
		{99E91D34-7D1B-4396-BBCA-C18DB531730C}.Release|Any CPU.ActiveCfg = Release|Any CPU
		{99E91D34-7D1B-4396-BBCA-C18DB531730C}.Release|Any CPU.Build.0 = Release|Any CPU
		{C766ACE0-46FC-4028-B7FD-ABE02BA5E980}.Debug|Any CPU.ActiveCfg = Debug|Any CPU
		{C766ACE0-46FC-4028-B7FD-ABE02BA5E980}.Debug|Any CPU.Build.0 = Debug|Any CPU
		{C766ACE0-46FC-4028-B7FD-ABE02BA5E980}.Release|Any CPU.ActiveCfg = Release|Any CPU
		{C766ACE0-46FC-4028-B7FD-ABE02BA5E980}.Release|Any CPU.Build.0 = Release|Any CPU
		{FBC35C76-437A-43FE-824E-8FD321A3BEB5}.Debug|Any CPU.ActiveCfg = Debug|Any CPU
		{FBC35C76-437A-43FE-824E-8FD321A3BEB5}.Debug|Any CPU.Build.0 = Debug|Any CPU
		{FBC35C76-437A-43FE-824E-8FD321A3BEB5}.Release|Any CPU.ActiveCfg = Release|Any CPU
		{FBC35C76-437A-43FE-824E-8FD321A3BEB5}.Release|Any CPU.Build.0 = Release|Any CPU
	EndGlobalSection
	GlobalSection(SolutionProperties) = preSolution
		HideSolutionNode = FALSE
	EndGlobalSection
	GlobalSection(NestedProjects) = preSolution
		{FF69AFC5-0AFA-4CEA-8905-BC5BA39E5494} = {02EA681E-C7D8-13C7-8484-4AC65E1B71E8}
		{14114353-4050-4BD0-B42F-E2786065D3C2} = {02EA681E-C7D8-13C7-8484-4AC65E1B71E8}
		{CF5521B1-BE76-4827-9F9C-DE19DEF039B4} = {02EA681E-C7D8-13C7-8484-4AC65E1B71E8}
		{A6EAE5A1-3219-4270-BA84-1B8B03F824CB} = {02EA681E-C7D8-13C7-8484-4AC65E1B71E8}
		{44C4D998-4728-4BA1-A94B-B503694FC9E5} = {6F1AD01A-1109-453E-B4E2-7A7CC484F03B}
		{63415B5D-E776-4BA8-9537-447A3330365F} = {6F1AD01A-1109-453E-B4E2-7A7CC484F03B}
		{3E0AFBD4-DB86-4419-A569-BE9A23E316F1} = {6F1AD01A-1109-453E-B4E2-7A7CC484F03B}
		{9672D9F7-3DD9-4A73-9125-0BF520543541} = {6F1AD01A-1109-453E-B4E2-7A7CC484F03B}
		{5E078B94-51DE-4A87-9AD5-8F9298AD6166} = {6F1AD01A-1109-453E-B4E2-7A7CC484F03B}
		{964BF466-8C75-4481-A3C7-89331CA1FB29} = {6F1AD01A-1109-453E-B4E2-7A7CC484F03B}
		{4B0AB232-7C48-4856-A1BF-7C127F769BE1} = {6F1AD01A-1109-453E-B4E2-7A7CC484F03B}
		{99E91D34-7D1B-4396-BBCA-C18DB531730C} = {02EA681E-C7D8-13C7-8484-4AC65E1B71E8}
		{C766ACE0-46FC-4028-B7FD-ABE02BA5E980} = {02EA681E-C7D8-13C7-8484-4AC65E1B71E8}
		{FBC35C76-437A-43FE-824E-8FD321A3BEB5} = {6F1AD01A-1109-453E-B4E2-7A7CC484F03B}
	EndGlobalSection
	GlobalSection(ExtensibilityGlobals) = postSolution
		SolutionGuid = {BADAC91F-2F41-47F8-A99E-1FD21D61FFB7}
	EndGlobalSection
EndGlobal
